
Microsoft Visual Studio Solution File, Format Version 12.00
# Visual Studio Version 17
VisualStudioVersion = 17.9.34714.143
MinimumVisualStudioVersion = 10.0.40219.1
Project("{FAE04EC0-301F-11D3-BF4B-00C04F79EFBC}") = "AspNetCore.Extensions", "AspNetCore.Extensions\AspNetCore.Extensions.csproj", "{D0570CEC-F740-4332-AC10-8491974D1827}"
EndProject
Project("{2150E333-8FDC-42A3-9474-1A3956D46DE8}") = "Solution", "Solution", "{584B002D-4DFC-4034-8F3E-B4DA327B82B9}"
	ProjectSection(SolutionItems) = preProject
		LICENSE = LICENSE
	EndProjectSection
EndProject
Project("{2150E333-8FDC-42A3-9474-1A3956D46DE8}") = ".github", ".github", "{EF036121-B1EE-4F1C-AF84-7E39337BF039}"
	ProjectSection(SolutionItems) = preProject
		.github\CODEOWNERS = .github\CODEOWNERS
		.github\dependabot.yml = .github\dependabot.yml
	EndProjectSection
EndProject
Project("{2150E333-8FDC-42A3-9474-1A3956D46DE8}") = "workflows", "workflows", "{B87B71DA-C91C-4749-970F-4F9C5C893458}"
	ProjectSection(SolutionItems) = preProject
		.github\workflows\cd.yaml = .github\workflows\cd.yaml
		.github\workflows\ci.yaml = .github\workflows\ci.yaml
	EndProjectSection
EndProject
Global
	GlobalSection(SolutionConfigurationPlatforms) = preSolution
		Debug|Any CPU = Debug|Any CPU
		Release|Any CPU = Release|Any CPU
	EndGlobalSection
	GlobalSection(ProjectConfigurationPlatforms) = postSolution
		{D0570CEC-F740-4332-AC10-8491974D1827}.Debug|Any CPU.ActiveCfg = Debug|Any CPU
		{D0570CEC-F740-4332-AC10-8491974D1827}.Debug|Any CPU.Build.0 = Debug|Any CPU
		{D0570CEC-F740-4332-AC10-8491974D1827}.Release|Any CPU.ActiveCfg = Release|Any CPU
		{D0570CEC-F740-4332-AC10-8491974D1827}.Release|Any CPU.Build.0 = Release|Any CPU
	EndGlobalSection
	GlobalSection(SolutionProperties) = preSolution
		HideSolutionNode = FALSE
	EndGlobalSection
	GlobalSection(NestedProjects) = preSolution
		{B87B71DA-C91C-4749-970F-4F9C5C893458} = {EF036121-B1EE-4F1C-AF84-7E39337BF039}
	EndGlobalSection
	GlobalSection(ExtensibilityGlobals) = postSolution
		SolutionGuid = {7BB65352-F868-424E-BC0A-FD7CB202F791}
	EndGlobalSection
EndGlobal
